<?xml version="1.0" encoding="utf-8"?>
<Project ToolsVersion="17.0" xmlns="http://schemas.microsoft.com/developer/msbuild/2003">
  <ItemGroup>
    <ClCompile Include="C:\GitHub_Repos\mp2-lab4-cluster\src\cluster_statistics.cpp">
      <Filter>Source Files</Filter>
    </ClCompile>
  </ItemGroup>
  <ItemGroup>
    <ClInclude Include="C:\GitHub_Repos\mp2-lab4-cluster\include\cluster_management_system.h">
      <Filter>Header Files</Filter>
    </ClInclude>
    <ClInclude Include="C:\GitHub_Repos\mp2-lab4-cluster\include\cluster_state.h">
      <Filter>Header Files</Filter>
    </ClInclude>
    <ClInclude Include="C:\GitHub_Repos\mp2-lab4-cluster\include\cluster_statistics.h">
      <Filter>Header Files</Filter>
    </ClInclude>
    <ClInclude Include="C:\GitHub_Repos\mp2-lab4-cluster\include\linked_list.h">
      <Filter>Header Files</Filter>
    </ClInclude>
    <ClInclude Include="C:\GitHub_Repos\mp2-lab4-cluster\include\processor_state.h">
      <Filter>Header Files</Filter>
    </ClInclude>
    <ClInclude Include="C:\GitHub_Repos\mp2-lab4-cluster\include\program_info.h">
      <Filter>Header Files</Filter>
    </ClInclude>
    <ClInclude Include="C:\GitHub_Repos\mp2-lab4-cluster\include\queue.h">
      <Filter>Header Files</Filter>
    </ClInclude>
  </ItemGroup>
  <ItemGroup>
    <CustomBuild Include="C:\GitHub_Repos\mp2-lab4-cluster\src\CMakeLists.txt" />
  </ItemGroup>
  <ItemGroup>
    <Filter Include="Header Files">
      <UniqueIdentifier>{E0916E28-903F-355A-9F76-18E9E773C9E5}</UniqueIdentifier>
    </Filter>
    <Filter Include="Source Files">
      <UniqueIdentifier>{7F93A374-C1C4-396C-8979-336D94FF48E0}</UniqueIdentifier>
    </Filter>
  </ItemGroup>
</Project>
