
Microsoft Visual Studio Solution File, Format Version 12.00
# Visual Studio Version 17
Project("{8BC9CEB8-8B4A-11D0-8D11-00A0C91BC942}") = "ALL_BUILD", "ALL_BUILD.vcxproj", "{7482A0DA-9A76-34F8-98D9-03CCA8CA08A7}"
	ProjectSection(ProjectDependencies) = postProject
		{AE0F6D3D-4561-3BF8-ABD7-ABB9C5EC9B9A} = {AE0F6D3D-4561-3BF8-ABD7-ABB9C5EC9B9A}
		{EF75C5CC-5A7B-3400-90E9-73BED2DF85A0} = {EF75C5CC-5A7B-3400-90E9-73BED2DF85A0}
		{1DDDA9C1-9547-31C3-8EDC-C06338702C91} = {1DDDA9C1-9547-31C3-8EDC-C06338702C91}
		{14CD6CF7-2D7E-3F3C-98DB-27DDDAC9AA44} = {14CD6CF7-2D7E-3F3C-98DB-27DDDAC9AA44}
		{F431B378-3C8D-32F3-BA47-5BEB84B879DF} = {F431B378-3C8D-32F3-BA47-5BEB84B879DF}
	EndProjectSection
EndProject
Project("{8BC9CEB8-8B4A-11D0-8D11-00A0C91BC942}") = "INSTALL", "INSTALL.vcxproj", "{4973E3A5-0050-3CB8-BF8E-1D666DEB1D31}"
	ProjectSection(ProjectDependencies) = postProject
		{7482A0DA-9A76-34F8-98D9-03CCA8CA08A7} = {7482A0DA-9A76-34F8-98D9-03CCA8CA08A7}
		{AE0F6D3D-4561-3BF8-ABD7-ABB9C5EC9B9A} = {AE0F6D3D-4561-3BF8-ABD7-ABB9C5EC9B9A}
	EndProjectSection
EndProject
Project("{8BC9CEB8-8B4A-11D0-8D11-00A0C91BC942}") = "ZERO_CHECK", "..\..\\ZERO_CHECK.vcxproj", "{AE0F6D3D-4561-3BF8-ABD7-ABB9C5EC9B9A}"
	ProjectSection(ProjectDependencies) = postProject
	EndProjectSection
EndProject
Project("{8BC9CEB8-8B4A-11D0-8D11-00A0C91BC942}") = "gmock", "gmock.vcxproj", "{EF75C5CC-5A7B-3400-90E9-73BED2DF85A0}"
	ProjectSection(ProjectDependencies) = postProject
		{AE0F6D3D-4561-3BF8-ABD7-ABB9C5EC9B9A} = {AE0F6D3D-4561-3BF8-ABD7-ABB9C5EC9B9A}
	EndProjectSection
EndProject
Project("{8BC9CEB8-8B4A-11D0-8D11-00A0C91BC942}") = "gmock_main", "gmock_main.vcxproj", "{1DDDA9C1-9547-31C3-8EDC-C06338702C91}"
	ProjectSection(ProjectDependencies) = postProject
		{AE0F6D3D-4561-3BF8-ABD7-ABB9C5EC9B9A} = {AE0F6D3D-4561-3BF8-ABD7-ABB9C5EC9B9A}
	EndProjectSection
EndProject
Project("{8BC9CEB8-8B4A-11D0-8D11-00A0C91BC942}") = "gtest", "..\googletest\gtest.vcxproj", "{14CD6CF7-2D7E-3F3C-98DB-27DDDAC9AA44}"
	ProjectSection(ProjectDependencies) = postProject
		{AE0F6D3D-4561-3BF8-ABD7-ABB9C5EC9B9A} = {AE0F6D3D-4561-3BF8-ABD7-ABB9C5EC9B9A}
	EndProjectSection
EndProject
Project("{8BC9CEB8-8B4A-11D0-8D11-00A0C91BC942}") = "gtest_main", "..\googletest\gtest_main.vcxproj", "{F431B378-3C8D-32F3-BA47-5BEB84B879DF}"
	ProjectSection(ProjectDependencies) = postProject
		{AE0F6D3D-4561-3BF8-ABD7-ABB9C5EC9B9A} = {AE0F6D3D-4561-3BF8-ABD7-ABB9C5EC9B9A}
		{14CD6CF7-2D7E-3F3C-98DB-27DDDAC9AA44} = {14CD6CF7-2D7E-3F3C-98DB-27DDDAC9AA44}
	EndProjectSection
EndProject
Global
	GlobalSection(SolutionConfigurationPlatforms) = preSolution
		Debug|x64 = Debug|x64
		Release|x64 = Release|x64
	EndGlobalSection
	GlobalSection(ProjectConfigurationPlatforms) = postSolution
		{7482A0DA-9A76-34F8-98D9-03CCA8CA08A7}.Debug|x64.ActiveCfg = Debug|x64
		{7482A0DA-9A76-34F8-98D9-03CCA8CA08A7}.Debug|x64.Build.0 = Debug|x64
		{7482A0DA-9A76-34F8-98D9-03CCA8CA08A7}.Release|x64.ActiveCfg = Release|x64
		{7482A0DA-9A76-34F8-98D9-03CCA8CA08A7}.Release|x64.Build.0 = Release|x64
		{4973E3A5-0050-3CB8-BF8E-1D666DEB1D31}.Debug|x64.ActiveCfg = Debug|x64
		{4973E3A5-0050-3CB8-BF8E-1D666DEB1D31}.Release|x64.ActiveCfg = Release|x64
		{AE0F6D3D-4561-3BF8-ABD7-ABB9C5EC9B9A}.Debug|x64.ActiveCfg = Debug|x64
		{AE0F6D3D-4561-3BF8-ABD7-ABB9C5EC9B9A}.Debug|x64.Build.0 = Debug|x64
		{AE0F6D3D-4561-3BF8-ABD7-ABB9C5EC9B9A}.Release|x64.ActiveCfg = Release|x64
		{AE0F6D3D-4561-3BF8-ABD7-ABB9C5EC9B9A}.Release|x64.Build.0 = Release|x64
		{EF75C5CC-5A7B-3400-90E9-73BED2DF85A0}.Debug|x64.ActiveCfg = Debug|x64
		{EF75C5CC-5A7B-3400-90E9-73BED2DF85A0}.Debug|x64.Build.0 = Debug|x64
		{EF75C5CC-5A7B-3400-90E9-73BED2DF85A0}.Release|x64.ActiveCfg = Release|x64
		{EF75C5CC-5A7B-3400-90E9-73BED2DF85A0}.Release|x64.Build.0 = Release|x64
		{1DDDA9C1-9547-31C3-8EDC-C06338702C91}.Debug|x64.ActiveCfg = Debug|x64
		{1DDDA9C1-9547-31C3-8EDC-C06338702C91}.Debug|x64.Build.0 = Debug|x64
		{1DDDA9C1-9547-31C3-8EDC-C06338702C91}.Release|x64.ActiveCfg = Release|x64
		{1DDDA9C1-9547-31C3-8EDC-C06338702C91}.Release|x64.Build.0 = Release|x64
		{14CD6CF7-2D7E-3F3C-98DB-27DDDAC9AA44}.Debug|x64.ActiveCfg = Debug|x64
		{14CD6CF7-2D7E-3F3C-98DB-27DDDAC9AA44}.Debug|x64.Build.0 = Debug|x64
		{14CD6CF7-2D7E-3F3C-98DB-27DDDAC9AA44}.Release|x64.ActiveCfg = Release|x64
		{14CD6CF7-2D7E-3F3C-98DB-27DDDAC9AA44}.Release|x64.Build.0 = Release|x64
		{F431B378-3C8D-32F3-BA47-5BEB84B879DF}.Debug|x64.ActiveCfg = Debug|x64
		{F431B378-3C8D-32F3-BA47-5BEB84B879DF}.Debug|x64.Build.0 = Debug|x64
		{F431B378-3C8D-32F3-BA47-5BEB84B879DF}.Release|x64.ActiveCfg = Release|x64
		{F431B378-3C8D-32F3-BA47-5BEB84B879DF}.Release|x64.Build.0 = Release|x64
	EndGlobalSection
	GlobalSection(ExtensibilityGlobals) = postSolution
		SolutionGuid = {F761B53D-FE57-3A43-838D-1DF15DAB9F52}
	EndGlobalSection
	GlobalSection(ExtensibilityAddIns) = postSolution
	EndGlobalSection
EndGlobal
